
Microsoft Visual Studio Solution File, Format Version 12.00
# Visual Studio Version 16
VisualStudioVersion = 16.0.30413.136
MinimumVisualStudioVersion = 10.0.40219.1
Project("{9A19103F-16F7-4668-BE54-9A1E7A4F7556}") = "EmployeeClassLibrary", "EmployeeClassLibrary\EmployeeClassLibrary.csproj", "{797157A7-7FDB-41C4-AA05-9A3B793BF4A4}"
EndProject
Project("{9A19103F-16F7-4668-BE54-9A1E7A4F7556}") = "EmployeeContext", "EmployeeContext\EmployeeContext.csproj", "{18A9091B-CEF5-406C-9436-982596ACCB96}"
EndProject
Project("{FAE04EC0-301F-11D3-BF4B-00C04F79EFBC}") = "Operations", "Operations\Operations.csproj", "{5087C62E-994B-4112-B350-D98259E1C4AB}"
EndProject
Project("{FAE04EC0-301F-11D3-BF4B-00C04F79EFBC}") = "EmployeesWebForm", "EmployeesWebForm\EmployeesWebForm.csproj", "{FBE5F364-E797-418F-8983-BF664C5F748C}"
EndProject
Global
	GlobalSection(SolutionConfigurationPlatforms) = preSolution
		Debug|Any CPU = Debug|Any CPU
		Release|Any CPU = Release|Any CPU
	EndGlobalSection
	GlobalSection(ProjectConfigurationPlatforms) = postSolution
		{797157A7-7FDB-41C4-AA05-9A3B793BF4A4}.Debug|Any CPU.ActiveCfg = Debug|Any CPU
		{797157A7-7FDB-41C4-AA05-9A3B793BF4A4}.Debug|Any CPU.Build.0 = Debug|Any CPU
		{797157A7-7FDB-41C4-AA05-9A3B793BF4A4}.Release|Any CPU.ActiveCfg = Release|Any CPU
		{797157A7-7FDB-41C4-AA05-9A3B793BF4A4}.Release|Any CPU.Build.0 = Release|Any CPU
		{18A9091B-CEF5-406C-9436-982596ACCB96}.Debug|Any CPU.ActiveCfg = Debug|Any CPU
		{18A9091B-CEF5-406C-9436-982596ACCB96}.Debug|Any CPU.Build.0 = Debug|Any CPU
		{18A9091B-CEF5-406C-9436-982596ACCB96}.Release|Any CPU.ActiveCfg = Release|Any CPU
		{18A9091B-CEF5-406C-9436-982596ACCB96}.Release|Any CPU.Build.0 = Release|Any CPU
		{5087C62E-994B-4112-B350-D98259E1C4AB}.Debug|Any CPU.ActiveCfg = Debug|Any CPU
		{5087C62E-994B-4112-B350-D98259E1C4AB}.Debug|Any CPU.Build.0 = Debug|Any CPU
		{5087C62E-994B-4112-B350-D98259E1C4AB}.Release|Any CPU.ActiveCfg = Release|Any CPU
		{5087C62E-994B-4112-B350-D98259E1C4AB}.Release|Any CPU.Build.0 = Release|Any CPU
		{FBE5F364-E797-418F-8983-BF664C5F748C}.Debug|Any CPU.ActiveCfg = Debug|Any CPU
		{FBE5F364-E797-418F-8983-BF664C5F748C}.Debug|Any CPU.Build.0 = Debug|Any CPU
		{FBE5F364-E797-418F-8983-BF664C5F748C}.Release|Any CPU.ActiveCfg = Release|Any CPU
		{FBE5F364-E797-418F-8983-BF664C5F748C}.Release|Any CPU.Build.0 = Release|Any CPU
	EndGlobalSection
	GlobalSection(SolutionProperties) = preSolution
		HideSolutionNode = FALSE
	EndGlobalSection
	GlobalSection(ExtensibilityGlobals) = postSolution
		SolutionGuid = {34DF4020-2BB9-45B6-8244-CEB09D14B7A4}
	EndGlobalSection
EndGlobal
